{
  "requires": true,
  "lockfileVersion": 1,
  "dependencies": {
    "lucky-canvas": {
      "version": "1.5.4",
      "resolved": "https://registry.nlark.com/lucky-canvas/download/lucky-canvas-1.5.4.tgz",
      "integrity": "sha1-Ok89wISdPRUw9Un687mTnZtpnRU="
    },
    "uni-luck-draw": {
      "version": "1.3.8",
      "resolved": "https://registry.nlark.com/uni-luck-draw/download/uni-luck-draw-1.3.8.tgz",
      "integrity": "sha1-lPuryt/mXMetKPREucp3100xFxM=",
      "requires": {
        "lucky-canvas": "^1.5.3"
      }
    }
  }
}
